{
  "name": "hearthstone-cards-translator",
  "version": "0.7.0",
  "lockfileVersion": 3,
  "requires": true,
  "packages": {
    "": {
      "name": "hearthstone-cards-translator",
      "version": "0.7.0",
      "license": "MIT",
      "devDependencies": {
        "axios": "^0.24.0",
        "lodash": "^4.17.21",
        "pug": "^3.0.2"
      }
    },
    "node_modules/@babel/helper-validator-identifier": {
      "version": "7.15.7",
      "dev": true,
      "license": "MIT",
      "engines": {
        "node": ">=6.9.0"
      }
    },
    "node_modules/@babel/parser": {
      "version": "7.16.4",
      "dev": true,
      "license": "MIT",
      "bin": {
        "parser": "bin/babel-parser.js"
      },
      "engines": {
        "node": ">=6.0.0"
      }
    },
    "node_modules/@babel/types": {
      "version": "7.16.0",
      "dev": true,
      "license": "MIT",
      "dependencies": {
        "@babel/helper-validator-identifier": "^7.15.7",
        "to-fast-properties": "^2.0.0"
      },
      "engines": {
        "node": ">=6.9.0"
      }
    },
    "node_modules/acorn": {
      "version": "7.4.1",
      "dev": true,
      "license": "MIT",
      "bin": {
        "acorn": "bin/acorn"
      },
      "engines": {
        "node": ">=0.4.0"
      }
    },
    "node_modules/asap": {
      "version": "2.0.6",
      "dev": true,
      "license": "MIT"
    },
    "node_modules/assert-never": {
      "version": "1.2.1",
      "dev": true,
      "license": "MIT"
    },
    "node_modules/axios": {
      "version": "0.24.0",
      "dev": true,
      "license": "MIT",
      "dependencies": {
        "follow-redirects": "^1.14.4"
      }
    },
    "node_modules/babel-walk": {
      "version": "3.0.0-canary-5",
      "dev": true,
      "license": "MIT",
      "dependencies": {
        "@babel/types": "^7.9.6"
      },
      "engines": {
        "node": ">= 10.0.0"
      }
    },
    "node_modules/call-bind": {
      "version": "1.0.2",
      "dev": true,
      "license": "MIT",
      "dependencies": {
        "function-bind": "^1.1.1",
        "get-intrinsic": "^1.0.2"
      },
      "funding": {
        "url": "https://github.com/sponsors/ljharb"
      }
    },
    "node_modules/character-parser": {
      "version": "2.2.0",
      "dev": true,
      "license": "MIT",
      "dependencies": {
        "is-regex": "^1.0.3"
      }
    },
    "node_modules/constantinople": {
      "version": "4.0.1",
      "dev": true,
      "license": "MIT",
      "dependencies": {
        "@babel/parser": "^7.6.0",
        "@babel/types": "^7.6.1"
      }
    },
    "node_modules/doctypes": {
      "version": "1.1.0",
      "dev": true,
      "license": "MIT"
    },
    "node_modules/follow-redirects": {
      "version": "1.14.5",
      "dev": true,
      "funding": [
        {
          "type": "individual",
          "url": "https://github.com/sponsors/RubenVerborgh"
        }
      ],
      "license": "MIT",
      "engines": {
        "node": ">=4.0"
      },
      "peerDependenciesMeta": {
        "debug": {
          "optional": true
        }
      }
    },
    "node_modules/function-bind": {
      "version": "1.1.1",
      "dev": true,
      "license": "MIT"
    },
    "node_modules/get-intrinsic": {
      "version": "1.1.1",
      "dev": true,
      "license": "MIT",
      "dependencies": {
        "function-bind": "^1.1.1",
        "has": "^1.0.3",
        "has-symbols": "^1.0.1"
      },
      "funding": {
        "url": "https://github.com/sponsors/ljharb"
      }
    },
    "node_modules/has": {
      "version": "1.0.3",
      "dev": true,
      "license": "MIT",
      "dependencies": {
        "function-bind": "^1.1.1"
      },
      "engines": {
        "node": ">= 0.4.0"
      }
    },
    "node_modules/has-symbols": {
      "version": "1.0.2",
      "dev": true,
      "license": "MIT",
      "engines": {
        "node": ">= 0.4"
      },
      "funding": {
        "url": "https://github.com/sponsors/ljharb"
      }
    },
    "node_modules/has-tostringtag": {
      "version": "1.0.0",
      "dev": true,
      "license": "MIT",
      "dependencies": {
        "has-symbols": "^1.0.2"
      },
      "engines": {
        "node": ">= 0.4"
      },
      "funding": {
        "url": "https://github.com/sponsors/ljharb"
      }
    },
    "node_modules/is-core-module": {
      "version": "2.8.0",
      "dev": true,
      "license": "MIT",
      "dependencies": {
        "has": "^1.0.3"
      },
      "funding": {
        "url": "https://github.com/sponsors/ljharb"
      }
    },
    "node_modules/is-expression": {
      "version": "4.0.0",
      "dev": true,
      "license": "MIT",
      "dependencies": {
        "acorn": "^7.1.1",
        "object-assign": "^4.1.1"
      }
    },
    "node_modules/is-promise": {
      "version": "2.2.2",
      "dev": true,
      "license": "MIT"
    },
    "node_modules/is-regex": {
      "version": "1.1.4",
      "dev": true,
      "license": "MIT",
      "dependencies": {
        "call-bind": "^1.0.2",
        "has-tostringtag": "^1.0.0"
      },
      "engines": {
        "node": ">= 0.4"
      },
      "funding": {
        "url": "https://github.com/sponsors/ljharb"
      }
    },
    "node_modules/js-stringify": {
      "version": "1.0.2",
      "dev": true,
      "license": "MIT"
    },
    "node_modules/jstransformer": {
      "version": "1.0.0",
      "dev": true,
      "license": "MIT",
      "dependencies": {
        "is-promise": "^2.0.0",
        "promise": "^7.0.1"
      }
    },
    "node_modules/lodash": {
      "version": "4.17.21",
      "dev": true,
      "license": "MIT"
    },
    "node_modules/object-assign": {
      "version": "4.1.1",
      "dev": true,
      "license": "MIT",
      "engines": {
        "node": ">=0.10.0"
      }
    },
    "node_modules/path-parse": {
      "version": "1.0.7",
      "dev": true,
      "license": "MIT"
    },
    "node_modules/promise": {
      "version": "7.3.1",
      "dev": true,
      "license": "MIT",
      "dependencies": {
        "asap": "~2.0.3"
      }
    },
    "node_modules/pug": {
      "version": "3.0.2",
      "dev": true,
      "license": "MIT",
      "dependencies": {
        "pug-code-gen": "^3.0.2",
        "pug-filters": "^4.0.0",
        "pug-lexer": "^5.0.1",
        "pug-linker": "^4.0.0",
        "pug-load": "^3.0.0",
        "pug-parser": "^6.0.0",
        "pug-runtime": "^3.0.1",
        "pug-strip-comments": "^2.0.0"
      }
    },
    "node_modules/pug-attrs": {
      "version": "3.0.0",
      "dev": true,
      "license": "MIT",
      "dependencies": {
        "constantinople": "^4.0.1",
        "js-stringify": "^1.0.2",
        "pug-runtime": "^3.0.0"
      }
    },
    "node_modules/pug-code-gen": {
      "version": "3.0.2",
      "dev": true,
      "license": "MIT",
      "dependencies": {
        "constantinople": "^4.0.1",
        "doctypes": "^1.1.0",
        "js-stringify": "^1.0.2",
        "pug-attrs": "^3.0.0",
        "pug-error": "^2.0.0",
        "pug-runtime": "^3.0.0",
        "void-elements": "^3.1.0",
        "with": "^7.0.0"
      }
    },
    "node_modules/pug-error": {
      "version": "2.0.0",
      "dev": true,
      "license": "MIT"
    },
    "node_modules/pug-filters": {
      "version": "4.0.0",
      "dev": true,
      "license": "MIT",
      "dependencies": {
        "constantinople": "^4.0.1",
        "jstransformer": "1.0.0",
        "pug-error": "^2.0.0",
        "pug-walk": "^2.0.0",
        "resolve": "^1.15.1"
      }
    },
    "node_modules/pug-lexer": {
      "version": "5.0.1",
      "dev": true,
      "license": "MIT",
      "dependencies": {
        "character-parser": "^2.2.0",
        "is-expression": "^4.0.0",
        "pug-error": "^2.0.0"
      }
    },
    "node_modules/pug-linker": {
      "version": "4.0.0",
      "dev": true,
      "license": "MIT",
      "dependencies": {
        "pug-error": "^2.0.0",
        "pug-walk": "^2.0.0"
      }
    },
    "node_modules/pug-load": {
      "version": "3.0.0",
      "dev": true,
      "license": "MIT",
      "dependencies": {
        "object-assign": "^4.1.1",
        "pug-walk": "^2.0.0"
      }
    },
    "node_modules/pug-parser": {
      "version": "6.0.0",
      "dev": true,
      "license": "MIT",
      "dependencies": {
        "pug-error": "^2.0.0",
        "token-stream": "1.0.0"
      }
    },
    "node_modules/pug-runtime": {
      "version": "3.0.1",
      "dev": true,
      "license": "MIT"
    },
    "node_modules/pug-strip-comments": {
      "version": "2.0.0",
      "dev": true,
      "license": "MIT",
      "dependencies": {
        "pug-error": "^2.0.0"
      }
    },
    "node_modules/pug-walk": {
      "version": "2.0.0",
      "dev": true,
      "license": "MIT"
    },
    "node_modules/resolve": {
      "version": "1.20.0",
      "dev": true,
      "license": "MIT",
      "dependencies": {
        "is-core-module": "^2.2.0",
        "path-parse": "^1.0.6"
      },
      "funding": {
        "url": "https://github.com/sponsors/ljharb"
      }
    },
    "node_modules/to-fast-properties": {
      "version": "2.0.0",
      "dev": true,
      "license": "MIT",
      "engines": {
        "node": ">=4"
      }
    },
    "node_modules/token-stream": {
      "version": "1.0.0",
      "dev": true,
      "license": "MIT"
    },
    "node_modules/void-elements": {
      "version": "3.1.0",
      "dev": true,
      "license": "MIT",
      "engines": {
        "node": ">=0.10.0"
      }
    },
    "node_modules/with": {
      "version": "7.0.2",
      "dev": true,
      "license": "MIT",
      "dependencies": {
        "@babel/parser": "^7.9.6",
        "@babel/types": "^7.9.6",
        "assert-never": "^1.2.1",
        "babel-walk": "3.0.0-canary-5"
      },
      "engines": {
        "node": ">= 10.0.0"
      }
    }
  }
}
